
Microsoft Visual Studio Solution File, Format Version 12.00
# Visual Studio 2013
VisualStudioVersion = 12.0.30324.0
MinimumVisualStudioVersion = 10.0.40219.1
Project("{FAE04EC0-301F-11D3-BF4B-00C04F79EFBC}") = "MvxEventsSample.Core", "MvxEventsSample.Core\MvxEventsSample.Core.csproj", "{6BC0E9E5-6A20-4334-A78C-C88C22D9B658}"
EndProject
Project("{FAE04EC0-301F-11D3-BF4B-00C04F79EFBC}") = "MvxEventsSample.Droid", "MvxEventsSample.Droid\MvxEventsSample.Droid.csproj", "{15E299F0-F5BF-419B-9B35-78809B0A4115}"
EndProject
Global
	GlobalSection(SolutionConfigurationPlatforms) = preSolution
		Debug|Any CPU = Debug|Any CPU
		Release|Any CPU = Release|Any CPU
	EndGlobalSection
	GlobalSection(ProjectConfigurationPlatforms) = postSolution
		{6BC0E9E5-6A20-4334-A78C-C88C22D9B658}.Debug|Any CPU.ActiveCfg = Debug|Any CPU
		{6BC0E9E5-6A20-4334-A78C-C88C22D9B658}.Debug|Any CPU.Build.0 = Debug|Any CPU
		{6BC0E9E5-6A20-4334-A78C-C88C22D9B658}.Release|Any CPU.ActiveCfg = Release|Any CPU
		{6BC0E9E5-6A20-4334-A78C-C88C22D9B658}.Release|Any CPU.Build.0 = Release|Any CPU
		{15E299F0-F5BF-419B-9B35-78809B0A4115}.Debug|Any CPU.ActiveCfg = Debug|Any CPU
		{15E299F0-F5BF-419B-9B35-78809B0A4115}.Debug|Any CPU.Build.0 = Debug|Any CPU
		{15E299F0-F5BF-419B-9B35-78809B0A4115}.Debug|Any CPU.Deploy.0 = Debug|Any CPU
		{15E299F0-F5BF-419B-9B35-78809B0A4115}.Release|Any CPU.ActiveCfg = Release|Any CPU
		{15E299F0-F5BF-419B-9B35-78809B0A4115}.Release|Any CPU.Build.0 = Release|Any CPU
		{15E299F0-F5BF-419B-9B35-78809B0A4115}.Release|Any CPU.Deploy.0 = Release|Any CPU
	EndGlobalSection
	GlobalSection(SolutionProperties) = preSolution
		HideSolutionNode = FALSE
	EndGlobalSection
EndGlobal
